
Microsoft Visual Studio Solution File, Format Version 12.00
# Visual Studio 15
VisualStudioVersion = 15.0.27428.2015
MinimumVisualStudioVersion = 10.0.40219.1
Project("{FAE04EC0-301F-11D3-BF4B-00C04F79EFBC}") = "HelloWorld", "HelloWorld\HelloWorld.csproj", "{FE14A6D1-EFAF-42F3-9D11-D791B5503165}"
EndProject
Global
	GlobalSection(SolutionConfigurationPlatforms) = preSolution
		Debug|Any CPU = Debug|Any CPU
		Release|Any CPU = Release|Any CPU
	EndGlobalSection
	GlobalSection(ProjectConfigurationPlatforms) = postSolution
		{FE14A6D1-EFAF-42F3-9D11-D791B5503165}.Debug|Any CPU.ActiveCfg = Debug|Any CPU
		{FE14A6D1-EFAF-42F3-9D11-D791B5503165}.Debug|Any CPU.Build.0 = Debug|Any CPU
		{FE14A6D1-EFAF-42F3-9D11-D791B5503165}.Release|Any CPU.ActiveCfg = Release|Any CPU
		{FE14A6D1-EFAF-42F3-9D11-D791B5503165}.Release|Any CPU.Build.0 = Release|Any CPU
	EndGlobalSection
	GlobalSection(SolutionProperties) = preSolution
		HideSolutionNode = FALSE
	EndGlobalSection
	GlobalSection(ExtensibilityGlobals) = postSolution
		SolutionGuid = {1E60A7A2-6293-4367-8C65-09850693F8D0}
	EndGlobalSection
EndGlobal
